
Microsoft Visual Studio Solution File, Format Version 12.00
# Visual Studio Version 17
VisualStudioVersion = 17.5.33516.290
MinimumVisualStudioVersion = 10.0.40219.1
Project("{9A19103F-16F7-4668-BE54-9A1E7A4F7556}") = "ECommBlazor1.Server", "ECommBlazor1\Server\ECommBlazor1.Server.csproj", "{4FD5CD68-9E93-4EC8-920D-28DCF0C9B064}"
EndProject
Project("{9A19103F-16F7-4668-BE54-9A1E7A4F7556}") = "ECommBlazor1.Client", "ECommBlazor1\Client\ECommBlazor1.Client.csproj", "{17CEF343-0252-4F74-878C-13C9A28806E8}"
EndProject
Project("{9A19103F-16F7-4668-BE54-9A1E7A4F7556}") = "ECommBlazor1.Shared", "ECommBlazor1\Shared\ECommBlazor1.Shared.csproj", "{7718F9D7-CCE5-4C6F-B33E-CAFB0B42BAA6}"
EndProject
Global
	GlobalSection(SolutionConfigurationPlatforms) = preSolution
		Debug|Any CPU = Debug|Any CPU
		Release|Any CPU = Release|Any CPU
	EndGlobalSection
	GlobalSection(ProjectConfigurationPlatforms) = postSolution
		{4FD5CD68-9E93-4EC8-920D-28DCF0C9B064}.Debug|Any CPU.ActiveCfg = Debug|Any CPU
		{4FD5CD68-9E93-4EC8-920D-28DCF0C9B064}.Debug|Any CPU.Build.0 = Debug|Any CPU
		{4FD5CD68-9E93-4EC8-920D-28DCF0C9B064}.Release|Any CPU.ActiveCfg = Release|Any CPU
		{4FD5CD68-9E93-4EC8-920D-28DCF0C9B064}.Release|Any CPU.Build.0 = Release|Any CPU
		{17CEF343-0252-4F74-878C-13C9A28806E8}.Debug|Any CPU.ActiveCfg = Debug|Any CPU
		{17CEF343-0252-4F74-878C-13C9A28806E8}.Debug|Any CPU.Build.0 = Debug|Any CPU
		{17CEF343-0252-4F74-878C-13C9A28806E8}.Release|Any CPU.ActiveCfg = Release|Any CPU
		{17CEF343-0252-4F74-878C-13C9A28806E8}.Release|Any CPU.Build.0 = Release|Any CPU
		{7718F9D7-CCE5-4C6F-B33E-CAFB0B42BAA6}.Debug|Any CPU.ActiveCfg = Debug|Any CPU
		{7718F9D7-CCE5-4C6F-B33E-CAFB0B42BAA6}.Debug|Any CPU.Build.0 = Debug|Any CPU
		{7718F9D7-CCE5-4C6F-B33E-CAFB0B42BAA6}.Release|Any CPU.ActiveCfg = Release|Any CPU
		{7718F9D7-CCE5-4C6F-B33E-CAFB0B42BAA6}.Release|Any CPU.Build.0 = Release|Any CPU
	EndGlobalSection
	GlobalSection(SolutionProperties) = preSolution
		HideSolutionNode = FALSE
	EndGlobalSection
	GlobalSection(ExtensibilityGlobals) = postSolution
		SolutionGuid = {A9AC8402-D6AD-43B1-A902-48A4EA045C94}
	EndGlobalSection
EndGlobal
